
Microsoft Visual Studio Solution File, Format Version 12.00
# Visual Studio Express 2013 for Web
VisualStudioVersion = 12.0.21005.1
MinimumVisualStudioVersion = 10.0.40219.1
Project("{FAE04EC0-301F-11D3-BF4B-00C04F79EFBC}") = "MF0493_e3", "MF0493_e3\MF0493_e3.csproj", "{DFCCFC7A-5226-4A10-B639-5DDE441FEE4E}"
EndProject
Project("{FAE04EC0-301F-11D3-BF4B-00C04F79EFBC}") = "MF0493_e3.Tests", "MF0493_e3.Tests\MF0493_e3.Tests.csproj", "{AEF6B260-3A81-4593-B8F1-29D525D9BE48}"
EndProject
Global
	GlobalSection(SolutionConfigurationPlatforms) = preSolution
		Debug|Any CPU = Debug|Any CPU
		Release|Any CPU = Release|Any CPU
	EndGlobalSection
	GlobalSection(ProjectConfigurationPlatforms) = postSolution
		{DFCCFC7A-5226-4A10-B639-5DDE441FEE4E}.Debug|Any CPU.ActiveCfg = Debug|Any CPU
		{DFCCFC7A-5226-4A10-B639-5DDE441FEE4E}.Debug|Any CPU.Build.0 = Debug|Any CPU
		{DFCCFC7A-5226-4A10-B639-5DDE441FEE4E}.Release|Any CPU.ActiveCfg = Release|Any CPU
		{DFCCFC7A-5226-4A10-B639-5DDE441FEE4E}.Release|Any CPU.Build.0 = Release|Any CPU
		{AEF6B260-3A81-4593-B8F1-29D525D9BE48}.Debug|Any CPU.ActiveCfg = Debug|Any CPU
		{AEF6B260-3A81-4593-B8F1-29D525D9BE48}.Debug|Any CPU.Build.0 = Debug|Any CPU
		{AEF6B260-3A81-4593-B8F1-29D525D9BE48}.Release|Any CPU.ActiveCfg = Release|Any CPU
		{AEF6B260-3A81-4593-B8F1-29D525D9BE48}.Release|Any CPU.Build.0 = Release|Any CPU
	EndGlobalSection
	GlobalSection(SolutionProperties) = preSolution
		HideSolutionNode = FALSE
	EndGlobalSection
EndGlobal
